// !$*UTF8*$!
{
	archiveVersion = 1;
	classes = {
	};
	objectVersion = 46;
	objects = {

/* Begin PBXBuildFile section */
		06B96EB81066E46BA56F1631 /* Pods.framework in Frameworks */ = {isa = PBXBuildFile; fileRef = C758F871A68DB484B7F1BA36 /* Pods.framework */; };
		630374151D67C544007E81FE /* artik.properties in Resources */ = {isa = PBXBuildFile; fileRef = 630374141D67C544007E81FE /* artik.properties */; };
		630374171D67C568007E81FE /* ArtikCloudTests.swift in Sources */ = {isa = PBXBuildFile; fileRef = 630374161D67C568007E81FE /* ArtikCloudTests.swift */; };
		630374191D6E5FE8007E81FE /* TokensApiTests.swift in Sources */ = {isa = PBXBuildFile; fileRef = 630374181D6E5FE8007E81FE /* TokensApiTests.swift */; };
		63933F8F1CB33BB7004B4006 /* MessagesApiTests.swift in Sources */ = {isa = PBXBuildFile; fileRef = 63933F8E1CB33BB7004B4006 /* MessagesApiTests.swift */; };
		63E535CD1CB32CB800B31E71 /* AppDelegate.swift in Sources */ = {isa = PBXBuildFile; fileRef = 63E535CC1CB32CB800B31E71 /* AppDelegate.swift */; };
		63E535CF1CB32CB800B31E71 /* ViewController.swift in Sources */ = {isa = PBXBuildFile; fileRef = 63E535CE1CB32CB800B31E71 /* ViewController.swift */; };
		63E535D21CB32CB800B31E71 /* Main.storyboard in Resources */ = {isa = PBXBuildFile; fileRef = 63E535D01CB32CB800B31E71 /* Main.storyboard */; };
		63E535D41CB32CB800B31E71 /* Assets.xcassets in Resources */ = {isa = PBXBuildFile; fileRef = 63E535D31CB32CB800B31E71 /* Assets.xcassets */; };
		63E535D71CB32CB800B31E71 /* LaunchScreen.storyboard in Resources */ = {isa = PBXBuildFile; fileRef = 63E535D51CB32CB800B31E71 /* LaunchScreen.storyboard */; };
		63E535E21CB32CB800B31E71 /* UsersApiTests.swift in Sources */ = {isa = PBXBuildFile; fileRef = 63E535E11CB32CB800B31E71 /* UsersApiTests.swift */; };
/* End PBXBuildFile section */

/* Begin PBXContainerItemProxy section */
		63E535DE1CB32CB800B31E71 /* PBXContainerItemProxy */ = {
			isa = PBXContainerItemProxy;
			containerPortal = 63E535C11CB32CB800B31E71 /* Project object */;
			proxyType = 1;
			remoteGlobalIDString = 63E535C81CB32CB800B31E71;
			remoteInfo = ArtikCloudClient;
		};
/* End PBXContainerItemProxy section */

/* Begin PBXFileReference section */
		458F1905708172DCF4105735 /* Pods.debug.xcconfig */ = {isa = PBXFileReference; includeInIndex = 1; lastKnownFileType = text.xcconfig; name = Pods.debug.xcconfig; path = "Pods/Target Support Files/Pods/Pods.debug.xcconfig"; sourceTree = "<group>"; };
		630374141D67C544007E81FE /* artik.properties */ = {isa = PBXFileReference; fileEncoding = 4; lastKnownFileType = text; path = artik.properties; sourceTree = "<group>"; };
		630374161D67C568007E81FE /* ArtikCloudTests.swift */ = {isa = PBXFileReference; fileEncoding = 4; lastKnownFileType = sourcecode.swift; path = ArtikCloudTests.swift; sourceTree = "<group>"; };
		630374181D6E5FE8007E81FE /* TokensApiTests.swift */ = {isa = PBXFileReference; fileEncoding = 4; lastKnownFileType = sourcecode.swift; path = TokensApiTests.swift; sourceTree = "<group>"; };
		63933F8E1CB33BB7004B4006 /* MessagesApiTests.swift */ = {isa = PBXFileReference; fileEncoding = 4; lastKnownFileType = sourcecode.swift; path = MessagesApiTests.swift; sourceTree = "<group>"; };
		63E535C91CB32CB800B31E71 /* ArtikCloudClient.app */ = {isa = PBXFileReference; explicitFileType = wrapper.application; includeInIndex = 0; path = ArtikCloudClient.app; sourceTree = BUILT_PRODUCTS_DIR; };
		63E535CC1CB32CB800B31E71 /* AppDelegate.swift */ = {isa = PBXFileReference; lastKnownFileType = sourcecode.swift; path = AppDelegate.swift; sourceTree = "<group>"; };
		63E535CE1CB32CB800B31E71 /* ViewController.swift */ = {isa = PBXFileReference; lastKnownFileType = sourcecode.swift; path = ViewController.swift; sourceTree = "<group>"; };
		63E535D11CB32CB800B31E71 /* Base */ = {isa = PBXFileReference; lastKnownFileType = file.storyboard; name = Base; path = Base.lproj/Main.storyboard; sourceTree = "<group>"; };
		63E535D31CB32CB800B31E71 /* Assets.xcassets */ = {isa = PBXFileReference; lastKnownFileType = folder.assetcatalog; path = Assets.xcassets; sourceTree = "<group>"; };
		63E535D61CB32CB800B31E71 /* Base */ = {isa = PBXFileReference; lastKnownFileType = file.storyboard; name = Base; path = Base.lproj/LaunchScreen.storyboard; sourceTree = "<group>"; };
		63E535D81CB32CB800B31E71 /* Info.plist */ = {isa = PBXFileReference; lastKnownFileType = text.plist.xml; path = Info.plist; sourceTree = "<group>"; };
		63E535DD1CB32CB800B31E71 /* ArtikCloudClientTests.xctest */ = {isa = PBXFileReference; explicitFileType = wrapper.cfbundle; includeInIndex = 0; path = ArtikCloudClientTests.xctest; sourceTree = BUILT_PRODUCTS_DIR; };
		63E535E11CB32CB800B31E71 /* UsersApiTests.swift */ = {isa = PBXFileReference; lastKnownFileType = sourcecode.swift; path = UsersApiTests.swift; sourceTree = "<group>"; };
		63E535E31CB32CB800B31E71 /* Info.plist */ = {isa = PBXFileReference; lastKnownFileType = text.plist.xml; path = Info.plist; sourceTree = "<group>"; };
		8B7F26A02D873CBA38BA595A /* Pods.release.xcconfig */ = {isa = PBXFileReference; includeInIndex = 1; lastKnownFileType = text.xcconfig; name = Pods.release.xcconfig; path = "Pods/Target Support Files/Pods/Pods.release.xcconfig"; sourceTree = "<group>"; };
		C758F871A68DB484B7F1BA36 /* Pods.framework */ = {isa = PBXFileReference; explicitFileType = wrapper.framework; includeInIndex = 0; path = Pods.framework; sourceTree = BUILT_PRODUCTS_DIR; };
/* End PBXFileReference section */

/* Begin PBXFrameworksBuildPhase section */
		63E535C61CB32CB800B31E71 /* Frameworks */ = {
			isa = PBXFrameworksBuildPhase;
			buildActionMask = 2147483647;
			files = (
				06B96EB81066E46BA56F1631 /* Pods.framework in Frameworks */,
			);
			runOnlyForDeploymentPostprocessing = 0;
		};
		63E535DA1CB32CB800B31E71 /* Frameworks */ = {
			isa = PBXFrameworksBuildPhase;
			buildActionMask = 2147483647;
			files = (
			);
			runOnlyForDeploymentPostprocessing = 0;
		};
/* End PBXFrameworksBuildPhase section */

/* Begin PBXGroup section */
		3C5077C4A6F86B45CBF1029D /* Frameworks */ = {
			isa = PBXGroup;
			children = (
				C758F871A68DB484B7F1BA36 /* Pods.framework */,
			);
			name = Frameworks;
			sourceTree = "<group>";
		};
		63E535C01CB32CB800B31E71 = {
			isa = PBXGroup;
			children = (
				63E535CB1CB32CB800B31E71 /* ArtikCloudClient */,
				63E535E01CB32CB800B31E71 /* ArtikCloudClientTests */,
				63E535CA1CB32CB800B31E71 /* Products */,
				6E61AA852A6B4A5CD8504E12 /* Pods */,
				3C5077C4A6F86B45CBF1029D /* Frameworks */,
			);
			sourceTree = "<group>";
		};
		63E535CA1CB32CB800B31E71 /* Products */ = {
			isa = PBXGroup;
			children = (
				63E535C91CB32CB800B31E71 /* ArtikCloudClient.app */,
				63E535DD1CB32CB800B31E71 /* ArtikCloudClientTests.xctest */,
			);
			name = Products;
			sourceTree = "<group>";
		};
		63E535CB1CB32CB800B31E71 /* ArtikCloudClient */ = {
			isa = PBXGroup;
			children = (
				63E535CC1CB32CB800B31E71 /* AppDelegate.swift */,
				63E535CE1CB32CB800B31E71 /* ViewController.swift */,
				63E535D01CB32CB800B31E71 /* Main.storyboard */,
				63E535D31CB32CB800B31E71 /* Assets.xcassets */,
				63E535D51CB32CB800B31E71 /* LaunchScreen.storyboard */,
				63E535D81CB32CB800B31E71 /* Info.plist */,
			);
			path = ArtikCloudClient;
			sourceTree = "<group>";
		};
		63E535E01CB32CB800B31E71 /* ArtikCloudClientTests */ = {
			isa = PBXGroup;
			children = (
				63E535E11CB32CB800B31E71 /* UsersApiTests.swift */,
				63933F8E1CB33BB7004B4006 /* MessagesApiTests.swift */,
				63E535E31CB32CB800B31E71 /* Info.plist */,
				630374141D67C544007E81FE /* artik.properties */,
				630374161D67C568007E81FE /* ArtikCloudTests.swift */,
				630374181D6E5FE8007E81FE /* TokensApiTests.swift */,
			);
			path = ArtikCloudClientTests;
			sourceTree = "<group>";
		};
		6E61AA852A6B4A5CD8504E12 /* Pods */ = {
			isa = PBXGroup;
			children = (
				458F1905708172DCF4105735 /* Pods.debug.xcconfig */,
				8B7F26A02D873CBA38BA595A /* Pods.release.xcconfig */,
			);
			name = Pods;
			sourceTree = "<group>";
		};
/* End PBXGroup section */

/* Begin PBXNativeTarget section */
		63E535C81CB32CB800B31E71 /* ArtikCloudClient */ = {
			isa = PBXNativeTarget;
			buildConfigurationList = 63E535E61CB32CB800B31E71 /* Build configuration list for PBXNativeTarget "ArtikCloudClient" */;
			buildPhases = (
				3BC59D2A6CC16F401B983F73 /* Check Pods Manifest.lock */,
				63E535C51CB32CB800B31E71 /* Sources */,
				63E535C61CB32CB800B31E71 /* Frameworks */,
				63E535C71CB32CB800B31E71 /* Resources */,
				E8020ACE598A175CFBD46C2B /* Embed Pods Frameworks */,
				E553B9A1F21FF41F10740095 /* Copy Pods Resources */,
			);
			buildRules = (
			);
			dependencies = (
			);
			name = ArtikCloudClient;
			productName = ArtikCloudClient;
			productReference = 63E535C91CB32CB800B31E71 /* ArtikCloudClient.app */;
			productType = "com.apple.product-type.application";
		};
		63E535DC1CB32CB800B31E71 /* ArtikCloudClientTests */ = {
			isa = PBXNativeTarget;
			buildConfigurationList = 63E535E91CB32CB800B31E71 /* Build configuration list for PBXNativeTarget "ArtikCloudClientTests" */;
			buildPhases = (
				63E535D91CB32CB800B31E71 /* Sources */,
				63E535DA1CB32CB800B31E71 /* Frameworks */,
				63E535DB1CB32CB800B31E71 /* Resources */,
			);
			buildRules = (
			);
			dependencies = (
				63E535DF1CB32CB800B31E71 /* PBXTargetDependency */,
			);
			name = ArtikCloudClientTests;
			productName = ArtikCloudClientTests;
			productReference = 63E535DD1CB32CB800B31E71 /* ArtikCloudClientTests.xctest */;
			productType = "com.apple.product-type.bundle.unit-test";
		};
/* End PBXNativeTarget section */

/* Begin PBXProject section */
		63E535C11CB32CB800B31E71 /* Project object */ = {
			isa = PBXProject;
			attributes = {
				LastSwiftUpdateCheck = 0720;
				LastUpgradeCheck = 0720;
				ORGANIZATIONNAME = "Samsung Strategy and Innovation Center";
				TargetAttributes = {
					63E535C81CB32CB800B31E71 = {
						CreatedOnToolsVersion = 7.2.1;
						DevelopmentTeam = 64N3JHS89D;
					};
					63E535DC1CB32CB800B31E71 = {
						CreatedOnToolsVersion = 7.2.1;
						DevelopmentTeam = 64N3JHS89D;
						TestTargetID = 63E535C81CB32CB800B31E71;
					};
				};
			};
			buildConfigurationList = 63E535C41CB32CB800B31E71 /* Build configuration list for PBXProject "ArtikCloudClient" */;
			compatibilityVersion = "Xcode 3.2";
			developmentRegion = English;
			hasScannedForEncodings = 0;
			knownRegions = (
				en,
				Base,
			);
			mainGroup = 63E535C01CB32CB800B31E71;
			productRefGroup = 63E535CA1CB32CB800B31E71 /* Products */;
			projectDirPath = "";
			projectRoot = "";
			targets = (
				63E535C81CB32CB800B31E71 /* ArtikCloudClient */,
				63E535DC1CB32CB800B31E71 /* ArtikCloudClientTests */,
			);
		};
/* End PBXProject section */

/* Begin PBXResourcesBuildPhase section */
		63E535C71CB32CB800B31E71 /* Resources */ = {
			isa = PBXResourcesBuildPhase;
			buildActionMask = 2147483647;
			files = (
				63E535D71CB32CB800B31E71 /* LaunchScreen.storyboard in Resources */,
				63E535D41CB32CB800B31E71 /* Assets.xcassets in Resources */,
				63E535D21CB32CB800B31E71 /* Main.storyboard in Resources */,
			);
			runOnlyForDeploymentPostprocessing = 0;
		};
		63E535DB1CB32CB800B31E71 /* Resources */ = {
			isa = PBXResourcesBuildPhase;
			buildActionMask = 2147483647;
			files = (
				630374151D67C544007E81FE /* artik.properties in Resources */,
			);
			runOnlyForDeploymentPostprocessing = 0;
		};
/* End PBXResourcesBuildPhase section */

/* Begin PBXShellScriptBuildPhase section */
		3BC59D2A6CC16F401B983F73 /* Check Pods Manifest.lock */ = {
			isa = PBXShellScriptBuildPhase;
			buildActionMask = 2147483647;
			files = (
			);
			inputPaths = (
			);
			name = "Check Pods Manifest.lock";
			outputPaths = (
			);
			runOnlyForDeploymentPostprocessing = 0;
			shellPath = /bin/sh;
			shellScript = "diff \"${PODS_ROOT}/../Podfile.lock\" \"${PODS_ROOT}/Manifest.lock\" > /dev/null\nif [[ $? != 0 ]] ; then\n    cat << EOM\nerror: The sandbox is not in sync with the Podfile.lock. Run 'pod install' or update your CocoaPods installation.\nEOM\n    exit 1\nfi\n";
			showEnvVarsInLog = 0;
		};
		E553B9A1F21FF41F10740095 /* Copy Pods Resources */ = {
			isa = PBXShellScriptBuildPhase;
			buildActionMask = 2147483647;
			files = (
			);
			inputPaths = (
			);
			name = "Copy Pods Resources";
			outputPaths = (
			);
			runOnlyForDeploymentPostprocessing = 0;
			shellPath = /bin/sh;
			shellScript = "\"${SRCROOT}/Pods/Target Support Files/Pods/Pods-resources.sh\"\n";
			showEnvVarsInLog = 0;
		};
		E8020ACE598A175CFBD46C2B /* Embed Pods Frameworks */ = {
			isa = PBXShellScriptBuildPhase;
			buildActionMask = 2147483647;
			files = (
			);
			inputPaths = (
			);
			name = "Embed Pods Frameworks";
			outputPaths = (
			);
			runOnlyForDeploymentPostprocessing = 0;
			shellPath = /bin/sh;
			shellScript = "\"${SRCROOT}/Pods/Target Support Files/Pods/Pods-frameworks.sh\"\n";
			showEnvVarsInLog = 0;
		};
/* End PBXShellScriptBuildPhase section */

/* Begin PBXSourcesBuildPhase section */
		63E535C51CB32CB800B31E71 /* Sources */ = {
			isa = PBXSourcesBuildPhase;
			buildActionMask = 2147483647;
			files = (
				63E535CF1CB32CB800B31E71 /* ViewController.swift in Sources */,
				63E535CD1CB32CB800B31E71 /* AppDelegate.swift in Sources */,
			);
			runOnlyForDeploymentPostprocessing = 0;
		};
		63E535D91CB32CB800B31E71 /* Sources */ = {
			isa = PBXSourcesBuildPhase;
			buildActionMask = 2147483647;
			files = (
				630374191D6E5FE8007E81FE /* TokensApiTests.swift in Sources */,
				63933F8F1CB33BB7004B4006 /* MessagesApiTests.swift in Sources */,
				63E535E21CB32CB800B31E71 /* UsersApiTests.swift in Sources */,
				630374171D67C568007E81FE /* ArtikCloudTests.swift in Sources */,
			);
			runOnlyForDeploymentPostprocessing = 0;
		};
/* End PBXSourcesBuildPhase section */

/* Begin PBXTargetDependency section */
		63E535DF1CB32CB800B31E71 /* PBXTargetDependency */ = {
			isa = PBXTargetDependency;
			target = 63E535C81CB32CB800B31E71 /* ArtikCloudClient */;
			targetProxy = 63E535DE1CB32CB800B31E71 /* PBXContainerItemProxy */;
		};
/* End PBXTargetDependency section */

/* Begin PBXVariantGroup section */
		63E535D01CB32CB800B31E71 /* Main.storyboard */ = {
			isa = PBXVariantGroup;
			children = (
				63E535D11CB32CB800B31E71 /* Base */,
			);
			name = Main.storyboard;
			sourceTree = "<group>";
		};
		63E535D51CB32CB800B31E71 /* LaunchScreen.storyboard */ = {
			isa = PBXVariantGroup;
			children = (
				63E535D61CB32CB800B31E71 /* Base */,
			);
			name = LaunchScreen.storyboard;
			sourceTree = "<group>";
		};
/* End PBXVariantGroup section */

/* Begin XCBuildConfiguration section */
		63E535E41CB32CB800B31E71 /* Debug */ = {
			isa = XCBuildConfiguration;
			buildSettings = {
				ALWAYS_SEARCH_USER_PATHS = NO;
				CLANG_CXX_LANGUAGE_STANDARD = "gnu++0x";
				CLANG_CXX_LIBRARY = "libc++";
				CLANG_ENABLE_MODULES = YES;
				CLANG_ENABLE_OBJC_ARC = YES;
				CLANG_WARN_BOOL_CONVERSION = YES;
				CLANG_WARN_CONSTANT_CONVERSION = YES;
				CLANG_WARN_DIRECT_OBJC_ISA_USAGE = YES_ERROR;
				CLANG_WARN_EMPTY_BODY = YES;
				CLANG_WARN_ENUM_CONVERSION = YES;
				CLANG_WARN_INT_CONVERSION = YES;
				CLANG_WARN_OBJC_ROOT_CLASS = YES_ERROR;
				CLANG_WARN_UNREACHABLE_CODE = YES;
				CLANG_WARN__DUPLICATE_METHOD_MATCH = YES;
				"CODE_SIGN_IDENTITY[sdk=iphoneos*]" = "iPhone Developer";
				COPY_PHASE_STRIP = NO;
				DEBUG_INFORMATION_FORMAT = dwarf;
				ENABLE_STRICT_OBJC_MSGSEND = YES;
				ENABLE_TESTABILITY = YES;
				GCC_C_LANGUAGE_STANDARD = gnu99;
				GCC_DYNAMIC_NO_PIC = NO;
				GCC_NO_COMMON_BLOCKS = YES;
				GCC_OPTIMIZATION_LEVEL = 0;
				GCC_PREPROCESSOR_DEFINITIONS = (
					"DEBUG=1",
					"$(inherited)",
				);
				GCC_WARN_64_TO_32_BIT_CONVERSION = YES;
				GCC_WARN_ABOUT_RETURN_TYPE = YES_ERROR;
				GCC_WARN_UNDECLARED_SELECTOR = YES;
				GCC_WARN_UNINITIALIZED_AUTOS = YES_AGGRESSIVE;
				GCC_WARN_UNUSED_FUNCTION = YES;
				GCC_WARN_UNUSED_VARIABLE = YES;
				IPHONEOS_DEPLOYMENT_TARGET = 9.2;
				MTL_ENABLE_DEBUG_INFO = YES;
				ONLY_ACTIVE_ARCH = YES;
				SDKROOT = iphoneos;
				SWIFT_OPTIMIZATION_LEVEL = "-Onone";
				TARGETED_DEVICE_FAMILY = "1,2";
			};
			name = Debug;
		};
		63E535E51CB32CB800B31E71 /* Release */ = {
			isa = XCBuildConfiguration;
			buildSettings = {
				ALWAYS_SEARCH_USER_PATHS = NO;
				CLANG_CXX_LANGUAGE_STANDARD = "gnu++0x";
				CLANG_CXX_LIBRARY = "libc++";
				CLANG_ENABLE_MODULES = YES;
				CLANG_ENABLE_OBJC_ARC = YES;
				CLANG_WARN_BOOL_CONVERSION = YES;
				CLANG_WARN_CONSTANT_CONVERSION = YES;
				CLANG_WARN_DIRECT_OBJC_ISA_USAGE = YES_ERROR;
				CLANG_WARN_EMPTY_BODY = YES;
				CLANG_WARN_ENUM_CONVERSION = YES;
				CLANG_WARN_INT_CONVERSION = YES;
				CLANG_WARN_OBJC_ROOT_CLASS = YES_ERROR;
				CLANG_WARN_UNREACHABLE_CODE = YES;
				CLANG_WARN__DUPLICATE_METHOD_MATCH = YES;
				"CODE_SIGN_IDENTITY[sdk=iphoneos*]" = "iPhone Developer";
				COPY_PHASE_STRIP = NO;
				DEBUG_INFORMATION_FORMAT = "dwarf-with-dsym";
				ENABLE_NS_ASSERTIONS = NO;
				ENABLE_STRICT_OBJC_MSGSEND = YES;
				GCC_C_LANGUAGE_STANDARD = gnu99;
				GCC_NO_COMMON_BLOCKS = YES;
				GCC_WARN_64_TO_32_BIT_CONVERSION = YES;
				GCC_WARN_ABOUT_RETURN_TYPE = YES_ERROR;
				GCC_WARN_UNDECLARED_SELECTOR = YES;
				GCC_WARN_UNINITIALIZED_AUTOS = YES_AGGRESSIVE;
				GCC_WARN_UNUSED_FUNCTION = YES;
				GCC_WARN_UNUSED_VARIABLE = YES;
				IPHONEOS_DEPLOYMENT_TARGET = 9.2;
				MTL_ENABLE_DEBUG_INFO = NO;
				SDKROOT = iphoneos;
				TARGETED_DEVICE_FAMILY = "1,2";
				VALIDATE_PRODUCT = YES;
			};
			name = Release;
		};
		63E535E71CB32CB800B31E71 /* Debug */ = {
			isa = XCBuildConfiguration;
			baseConfigurationReference = 458F1905708172DCF4105735 /* Pods.debug.xcconfig */;
			buildSettings = {
				ASSETCATALOG_COMPILER_APPICON_NAME = AppIcon;
				INFOPLIST_FILE = ArtikCloudClient/Info.plist;
				LD_RUNPATH_SEARCH_PATHS = "$(inherited) @executable_path/Frameworks";
				PRODUCT_BUNDLE_IDENTIFIER = cloud.artik.ArtikCloudClient;
				PRODUCT_NAME = "$(TARGET_NAME)";
			};
			name = Debug;
		};
		63E535E81CB32CB800B31E71 /* Release */ = {
			isa = XCBuildConfiguration;
			baseConfigurationReference = 8B7F26A02D873CBA38BA595A /* Pods.release.xcconfig */;
			buildSettings = {
				ASSETCATALOG_COMPILER_APPICON_NAME = AppIcon;
				INFOPLIST_FILE = ArtikCloudClient/Info.plist;
				LD_RUNPATH_SEARCH_PATHS = "$(inherited) @executable_path/Frameworks";
				PRODUCT_BUNDLE_IDENTIFIER = cloud.artik.ArtikCloudClient;
				PRODUCT_NAME = "$(TARGET_NAME)";
			};
			name = Release;
		};
		63E535EA1CB32CB800B31E71 /* Debug */ = {
			isa = XCBuildConfiguration;
			buildSettings = {
				BUNDLE_LOADER = "$(TEST_HOST)";
				INFOPLIST_FILE = ArtikCloudClientTests/Info.plist;
				LD_RUNPATH_SEARCH_PATHS = "$(inherited) @executable_path/Frameworks @loader_path/Frameworks";
				PRODUCT_BUNDLE_IDENTIFIER = cloud.artik.ArtikCloudClientTests;
				PRODUCT_NAME = "$(TARGET_NAME)";
				TEST_HOST = "$(BUILT_PRODUCTS_DIR)/ArtikCloudClient.app/ArtikCloudClient";
			};
			name = Debug;
		};
		63E535EB1CB32CB800B31E71 /* Release */ = {
			isa = XCBuildConfiguration;
			buildSettings = {
				BUNDLE_LOADER = "$(TEST_HOST)";
				INFOPLIST_FILE = ArtikCloudClientTests/Info.plist;
				LD_RUNPATH_SEARCH_PATHS = "$(inherited) @executable_path/Frameworks @loader_path/Frameworks";
				PRODUCT_BUNDLE_IDENTIFIER = cloud.artik.ArtikCloudClientTests;
				PRODUCT_NAME = "$(TARGET_NAME)";
				TEST_HOST = "$(BUILT_PRODUCTS_DIR)/ArtikCloudClient.app/ArtikCloudClient";
			};
			name = Release;
		};
/* End XCBuildConfiguration section */

/* Begin XCConfigurationList section */
		63E535C41CB32CB800B31E71 /* Build configuration list for PBXProject "ArtikCloudClient" */ = {
			isa = XCConfigurationList;
			buildConfigurations = (
				63E535E41CB32CB800B31E71 /* Debug */,
				63E535E51CB32CB800B31E71 /* Release */,
			);
			defaultConfigurationIsVisible = 0;
			defaultConfigurationName = Release;
		};
		63E535E61CB32CB800B31E71 /* Build configuration list for PBXNativeTarget "ArtikCloudClient" */ = {
			isa = XCConfigurationList;
			buildConfigurations = (
				63E535E71CB32CB800B31E71 /* Debug */,
				63E535E81CB32CB800B31E71 /* Release */,
			);
			defaultConfigurationIsVisible = 0;
			defaultConfigurationName = Release;
		};
		63E535E91CB32CB800B31E71 /* Build configuration list for PBXNativeTarget "ArtikCloudClientTests" */ = {
			isa = XCConfigurationList;
			buildConfigurations = (
				63E535EA1CB32CB800B31E71 /* Debug */,
				63E535EB1CB32CB800B31E71 /* Release */,
			);
			defaultConfigurationIsVisible = 0;
			defaultConfigurationName = Release;
		};
/* End XCConfigurationList section */
	};
	rootObject = 63E535C11CB32CB800B31E71 /* Project object */;
}
