PODS:
  - Alamofire (3.1.5)
  - ArtikCloudSwift (0.0.1):
    - Alamofire (~> 3.1.5)
    - PromiseKit (~> 3.2.1)
  - OMGHTTPURLRQ (3.1.3):
    - OMGHTTPURLRQ/RQ (= 3.1.3)
  - OMGHTTPURLRQ/FormURLEncode (3.1.3)
  - OMGHTTPURLRQ/RQ (3.1.3):
    - OMGHTTPURLRQ/FormURLEncode
    - OMGHTTPURLRQ/UserAgent
  - OMGHTTPURLRQ/UserAgent (3.1.3)
  - PromiseKit (3.2.1):
    - PromiseKit/Foundation (= 3.2.1)
    - PromiseKit/QuartzCore (= 3.2.1)
    - PromiseKit/UIKit (= 3.2.1)
  - PromiseKit/CorePromise (3.2.1)
  - PromiseKit/Foundation (3.2.1):
    - OMGHTTPURLRQ (~> 3.1.0)
    - PromiseKit/CorePromise
  - PromiseKit/QuartzCore (3.2.1):
    - PromiseKit/CorePromise
  - PromiseKit/UIKit (3.2.1):
    - PromiseKit/CorePromise

DEPENDENCIES:
  - ArtikCloudSwift (from `../`)

EXTERNAL SOURCES:
  ArtikCloudSwift:
    :path: "../"

SPEC CHECKSUMS:
  Alamofire: 5f730ba29fd113b7ddd71c1e65d0c630acf5d7b0
  ArtikCloudSwift: 39e9184e6e2bf50da4c89d9581c591382d43e9ee
  OMGHTTPURLRQ: a547be1b9721ddfbf9d08aab56ab72dc4c1cc417
  PromiseKit: ef54f61501541bf18a87b25115c372184d180cea

COCOAPODS: 0.39.0
